// !$*UTF8*$!
{
	archiveVersion = 1;
	classes = {
	};
	objectVersion = 52;
	objects = {

/* Begin PBXBuildFile section */
		5F9FAAA115DD87E20039718F /* Foundation.framework in Frameworks */ = {isa = PBXBuildFile; fileRef = 5F9FAAA015DD87E20039718F /* Foundation.framework */; };
		EB46E1EA20BD799400A1E878 /* gsoundencoder-wav.cpp in Sources */ = {isa = PBXBuildFile; fileRef = EB46E1E620BD799400A1E878 /* gsoundencoder-wav.cpp */; };
		EB46E1EB20BD799400A1E878 /* gmicrophone.h in Headers */ = {isa = PBXBuildFile; fileRef = EB46E1E720BD799400A1E878 /* gmicrophone.h */; };
		EB46E1EC20BD799400A1E878 /* gmicrophonebinder.cpp in Sources */ = {isa = PBXBuildFile; fileRef = EB46E1E820BD799400A1E878 /* gmicrophonebinder.cpp */; };
		EB46E1ED20BD799400A1E878 /* gsoundencoder.h in Headers */ = {isa = PBXBuildFile; fileRef = EB46E1E920BD799400A1E878 /* gsoundencoder.h */; };
		EB46E1EF20BD79A000A1E878 /* gmicrophone-ios.mm in Sources */ = {isa = PBXBuildFile; fileRef = EB46E1EE20BD79A000A1E878 /* gmicrophone-ios.mm */; };
		EB4A6AD91D64A96600162D26 /* UIKit.framework in Frameworks */ = {isa = PBXBuildFile; fileRef = EB4A6AD81D64A96600162D26 /* UIKit.framework */; platformFilter = ios; settings = {ATTRIBUTES = (Required, ); }; };
		EB4A6ADC1D64ABF400162D26 /* AVFoundation.framework in Frameworks */ = {isa = PBXBuildFile; fileRef = EB4A6ADB1D64ABF400162D26 /* AVFoundation.framework */; };
		EB4A6AE01D64AC3100162D26 /* CoreMedia.framework in Frameworks */ = {isa = PBXBuildFile; fileRef = EB4A6ADF1D64AC3100162D26 /* CoreMedia.framework */; };
		EB4A6AE21D64AC3600162D26 /* ImageIO.framework in Frameworks */ = {isa = PBXBuildFile; fileRef = EB4A6AE11D64AC3600162D26 /* ImageIO.framework */; };
		EB4A6AE41D64ACA200162D26 /* CoreFoundation.framework in Frameworks */ = {isa = PBXBuildFile; fileRef = EB4A6AE31D64ACA200162D26 /* CoreFoundation.framework */; };
		EB4A6AE61D64ACF900162D26 /* QuartzCore.framework in Frameworks */ = {isa = PBXBuildFile; fileRef = EB4A6AE51D64ACF900162D26 /* QuartzCore.framework */; };
		EB4A6AE81D64AD0000162D26 /* CoreGraphics.framework in Frameworks */ = {isa = PBXBuildFile; fileRef = EB4A6AE71D64AD0000162D26 /* CoreGraphics.framework */; };
/* End PBXBuildFile section */

/* Begin PBXFileReference section */
		5F9FAA9D15DD87E20039718F /* libmicrophone.a */ = {isa = PBXFileReference; explicitFileType = archive.ar; includeInIndex = 0; path = libmicrophone.a; sourceTree = BUILT_PRODUCTS_DIR; };
		5F9FAAA015DD87E20039718F /* Foundation.framework */ = {isa = PBXFileReference; lastKnownFileType = wrapper.framework; name = Foundation.framework; path = System/Library/Frameworks/Foundation.framework; sourceTree = SDKROOT; };
		EB46E1E620BD799400A1E878 /* gsoundencoder-wav.cpp */ = {isa = PBXFileReference; fileEncoding = 4; lastKnownFileType = sourcecode.cpp.cpp; path = "gsoundencoder-wav.cpp"; sourceTree = "<group>"; };
		EB46E1E720BD799400A1E878 /* gmicrophone.h */ = {isa = PBXFileReference; fileEncoding = 4; lastKnownFileType = sourcecode.c.h; path = gmicrophone.h; sourceTree = "<group>"; };
		EB46E1E820BD799400A1E878 /* gmicrophonebinder.cpp */ = {isa = PBXFileReference; fileEncoding = 4; lastKnownFileType = sourcecode.cpp.cpp; path = gmicrophonebinder.cpp; sourceTree = "<group>"; };
		EB46E1E920BD799400A1E878 /* gsoundencoder.h */ = {isa = PBXFileReference; fileEncoding = 4; lastKnownFileType = sourcecode.c.h; path = gsoundencoder.h; sourceTree = "<group>"; };
		EB46E1EE20BD79A000A1E878 /* gmicrophone-ios.mm */ = {isa = PBXFileReference; fileEncoding = 4; lastKnownFileType = sourcecode.cpp.objcpp; name = "gmicrophone-ios.mm"; path = "iOS/gmicrophone-ios.mm"; sourceTree = "<group>"; };
		EB4A6AD81D64A96600162D26 /* UIKit.framework */ = {isa = PBXFileReference; lastKnownFileType = wrapper.framework; name = UIKit.framework; path = System/Library/Frameworks/UIKit.framework; sourceTree = SDKROOT; };
		EB4A6ADB1D64ABF400162D26 /* AVFoundation.framework */ = {isa = PBXFileReference; lastKnownFileType = wrapper.framework; name = AVFoundation.framework; path = System/Library/Frameworks/AVFoundation.framework; sourceTree = SDKROOT; };
		EB4A6ADF1D64AC3100162D26 /* CoreMedia.framework */ = {isa = PBXFileReference; lastKnownFileType = wrapper.framework; name = CoreMedia.framework; path = System/Library/Frameworks/CoreMedia.framework; sourceTree = SDKROOT; };
		EB4A6AE11D64AC3600162D26 /* ImageIO.framework */ = {isa = PBXFileReference; lastKnownFileType = wrapper.framework; name = ImageIO.framework; path = System/Library/Frameworks/ImageIO.framework; sourceTree = SDKROOT; };
		EB4A6AE31D64ACA200162D26 /* CoreFoundation.framework */ = {isa = PBXFileReference; lastKnownFileType = wrapper.framework; name = CoreFoundation.framework; path = System/Library/Frameworks/CoreFoundation.framework; sourceTree = SDKROOT; };
		EB4A6AE51D64ACF900162D26 /* QuartzCore.framework */ = {isa = PBXFileReference; lastKnownFileType = wrapper.framework; name = QuartzCore.framework; path = System/Library/Frameworks/QuartzCore.framework; sourceTree = SDKROOT; };
		EB4A6AE71D64AD0000162D26 /* CoreGraphics.framework */ = {isa = PBXFileReference; lastKnownFileType = wrapper.framework; name = CoreGraphics.framework; path = System/Library/Frameworks/CoreGraphics.framework; sourceTree = SDKROOT; };
/* End PBXFileReference section */

/* Begin PBXFrameworksBuildPhase section */
		5F9FAA9A15DD87E10039718F /* Frameworks */ = {
			isa = PBXFrameworksBuildPhase;
			buildActionMask = 2147483647;
			files = (
				EB4A6AE81D64AD0000162D26 /* CoreGraphics.framework in Frameworks */,
				EB4A6AE61D64ACF900162D26 /* QuartzCore.framework in Frameworks */,
				EB4A6AE41D64ACA200162D26 /* CoreFoundation.framework in Frameworks */,
				EB4A6AE21D64AC3600162D26 /* ImageIO.framework in Frameworks */,
				EB4A6AE01D64AC3100162D26 /* CoreMedia.framework in Frameworks */,
				EB4A6ADC1D64ABF400162D26 /* AVFoundation.framework in Frameworks */,
				EB4A6AD91D64A96600162D26 /* UIKit.framework in Frameworks */,
				5F9FAAA115DD87E20039718F /* Foundation.framework in Frameworks */,
			);
			runOnlyForDeploymentPostprocessing = 0;
		};
/* End PBXFrameworksBuildPhase section */

/* Begin PBXGroup section */
		5F9FAA9215DD87E10039718F = {
			isa = PBXGroup;
			children = (
				EB46E1E520BD796600A1E878 /* microphone */,
				5F9FAA9F15DD87E20039718F /* Frameworks */,
				5F9FAA9E15DD87E20039718F /* Products */,
			);
			sourceTree = "<group>";
		};
		5F9FAA9E15DD87E20039718F /* Products */ = {
			isa = PBXGroup;
			children = (
				5F9FAA9D15DD87E20039718F /* libmicrophone.a */,
			);
			name = Products;
			sourceTree = "<group>";
		};
		5F9FAA9F15DD87E20039718F /* Frameworks */ = {
			isa = PBXGroup;
			children = (
				EB4A6AE71D64AD0000162D26 /* CoreGraphics.framework */,
				EB4A6AE51D64ACF900162D26 /* QuartzCore.framework */,
				EB4A6AE31D64ACA200162D26 /* CoreFoundation.framework */,
				EB4A6AE11D64AC3600162D26 /* ImageIO.framework */,
				EB4A6ADF1D64AC3100162D26 /* CoreMedia.framework */,
				EB4A6ADB1D64ABF400162D26 /* AVFoundation.framework */,
				EB4A6AD81D64A96600162D26 /* UIKit.framework */,
				5F9FAAA015DD87E20039718F /* Foundation.framework */,
			);
			name = Frameworks;
			sourceTree = "<group>";
		};
		EB46E1E520BD796600A1E878 /* microphone */ = {
			isa = PBXGroup;
			children = (
				EB46E1EE20BD79A000A1E878 /* gmicrophone-ios.mm */,
				EB46E1E720BD799400A1E878 /* gmicrophone.h */,
				EB46E1E820BD799400A1E878 /* gmicrophonebinder.cpp */,
				EB46E1E620BD799400A1E878 /* gsoundencoder-wav.cpp */,
				EB46E1E920BD799400A1E878 /* gsoundencoder.h */,
			);
			name = microphone;
			sourceTree = "<group>";
		};
/* End PBXGroup section */

/* Begin PBXHeadersBuildPhase section */
		5F9FAA9B15DD87E10039718F /* Headers */ = {
			isa = PBXHeadersBuildPhase;
			buildActionMask = 2147483647;
			files = (
				EB46E1EB20BD799400A1E878 /* gmicrophone.h in Headers */,
				EB46E1ED20BD799400A1E878 /* gsoundencoder.h in Headers */,
			);
			runOnlyForDeploymentPostprocessing = 0;
		};
/* End PBXHeadersBuildPhase section */

/* Begin PBXNativeTarget section */
		5F9FAA9C15DD87E10039718F /* microphone */ = {
			isa = PBXNativeTarget;
			buildConfigurationList = 5F9FAAAA15DD87E20039718F /* Build configuration list for PBXNativeTarget "microphone" */;
			buildPhases = (
				5F9FAA9915DD87E10039718F /* Sources */,
				5F9FAA9A15DD87E10039718F /* Frameworks */,
				5F9FAA9B15DD87E10039718F /* Headers */,
			);
			buildRules = (
			);
			dependencies = (
			);
			name = microphone;
			productName = microphone;
			productReference = 5F9FAA9D15DD87E20039718F /* libmicrophone.a */;
			productType = "com.apple.product-type.library.static";
		};
/* End PBXNativeTarget section */

/* Begin PBXProject section */
		5F9FAA9415DD87E10039718F /* Project object */ = {
			isa = PBXProject;
			attributes = {
				LastUpgradeCheck = 0420;
				ORGANIZATIONNAME = "Gideros Mobile";
			};
			buildConfigurationList = 5F9FAA9715DD87E10039718F /* Build configuration list for PBXProject "microphone" */;
			compatibilityVersion = "Xcode 3.2";
			developmentRegion = English;
			hasScannedForEncodings = 0;
			knownRegions = (
				English,
				en,
			);
			mainGroup = 5F9FAA9215DD87E10039718F;
			productRefGroup = 5F9FAA9E15DD87E20039718F /* Products */;
			projectDirPath = "";
			projectRoot = "";
			targets = (
				5F9FAA9C15DD87E10039718F /* microphone */,
			);
		};
/* End PBXProject section */

/* Begin PBXSourcesBuildPhase section */
		5F9FAA9915DD87E10039718F /* Sources */ = {
			isa = PBXSourcesBuildPhase;
			buildActionMask = 2147483647;
			files = (
				EB46E1EA20BD799400A1E878 /* gsoundencoder-wav.cpp in Sources */,
				EB46E1EC20BD799400A1E878 /* gmicrophonebinder.cpp in Sources */,
				EB46E1EF20BD79A000A1E878 /* gmicrophone-ios.mm in Sources */,
			);
			runOnlyForDeploymentPostprocessing = 0;
		};
/* End PBXSourcesBuildPhase section */

/* Begin XCBuildConfiguration section */
		5F9FAAA815DD87E20039718F /* Debug */ = {
			isa = XCBuildConfiguration;
			buildSettings = {
				ALWAYS_SEARCH_USER_PATHS = NO;
				ARCHS = "$(ARCHS_STANDARD)";
				CLANG_CXX_LANGUAGE_STANDARD = "gnu++0x";
				CLANG_CXX_LIBRARY = "libc++";
				CLANG_WARN_CONSTANT_CONVERSION = YES;
				CLANG_WARN_EMPTY_BODY = YES;
				CLANG_WARN_ENUM_CONVERSION = YES;
				CLANG_WARN_INT_CONVERSION = YES;
				CLANG_WARN__DUPLICATE_METHOD_MATCH = YES;
				COPY_PHASE_STRIP = NO;
				GCC_C_LANGUAGE_STANDARD = gnu99;
				GCC_DYNAMIC_NO_PIC = NO;
				GCC_OPTIMIZATION_LEVEL = 0;
				GCC_PREPROCESSOR_DEFINITIONS = (
					"DEBUG=1",
					"$(inherited)",
				);
				GCC_SYMBOLS_PRIVATE_EXTERN = NO;
				GCC_WARN_ABOUT_RETURN_TYPE = YES;
				GCC_WARN_UNINITIALIZED_AUTOS = YES;
				GCC_WARN_UNUSED_VARIABLE = YES;
				HEADER_SEARCH_PATHS = (
					../../../Sdk/include,
					../../../Sdk/include/gideros,
				);
				IPHONEOS_DEPLOYMENT_TARGET = 8.0;
				MACOSX_DEPLOYMENT_TARGET = 10.11;
				ONLY_ACTIVE_ARCH = NO;
				SDKROOT = iphoneos;
			};
			name = Debug;
		};
		5F9FAAA915DD87E20039718F /* Release */ = {
			isa = XCBuildConfiguration;
			buildSettings = {
				ALWAYS_SEARCH_USER_PATHS = NO;
				ARCHS = "$(ARCHS_STANDARD)";
				CLANG_CXX_LANGUAGE_STANDARD = "gnu++0x";
				CLANG_CXX_LIBRARY = "libc++";
				CLANG_WARN_CONSTANT_CONVERSION = YES;
				CLANG_WARN_EMPTY_BODY = YES;
				CLANG_WARN_ENUM_CONVERSION = YES;
				CLANG_WARN_INT_CONVERSION = YES;
				CLANG_WARN__DUPLICATE_METHOD_MATCH = YES;
				COPY_PHASE_STRIP = YES;
				GCC_C_LANGUAGE_STANDARD = gnu99;
				GCC_WARN_ABOUT_RETURN_TYPE = YES;
				GCC_WARN_UNINITIALIZED_AUTOS = YES;
				GCC_WARN_UNUSED_VARIABLE = YES;
				HEADER_SEARCH_PATHS = (
					../../../Sdk/include,
					../../../Sdk/include/gideros,
				);
				IPHONEOS_DEPLOYMENT_TARGET = 8.0;
				MACOSX_DEPLOYMENT_TARGET = 10.11;
				ONLY_ACTIVE_ARCH = NO;
				SDKROOT = iphoneos;
				VALIDATE_PRODUCT = YES;
			};
			name = Release;
		};
		5F9FAAAB15DD87E20039718F /* Debug */ = {
			isa = XCBuildConfiguration;
			buildSettings = {
				DSTROOT = /tmp/microphone.dst;
				GCC_PRECOMPILE_PREFIX_HEADER = NO;
				GCC_PREFIX_HEADER = "";
				OTHER_LDFLAGS = "-ObjC";
				PRODUCT_NAME = "$(TARGET_NAME)";
				SKIP_INSTALL = YES;
			};
			name = Debug;
		};
		5F9FAAAC15DD87E20039718F /* Release */ = {
			isa = XCBuildConfiguration;
			buildSettings = {
				DSTROOT = /tmp/microphone.dst;
				GCC_PRECOMPILE_PREFIX_HEADER = NO;
				GCC_PREFIX_HEADER = "";
				OTHER_LDFLAGS = "-ObjC";
				PRODUCT_NAME = "$(TARGET_NAME)";
				SKIP_INSTALL = YES;
			};
			name = Release;
		};
/* End XCBuildConfiguration section */

/* Begin XCConfigurationList section */
		5F9FAA9715DD87E10039718F /* Build configuration list for PBXProject "microphone" */ = {
			isa = XCConfigurationList;
			buildConfigurations = (
				5F9FAAA815DD87E20039718F /* Debug */,
				5F9FAAA915DD87E20039718F /* Release */,
			);
			defaultConfigurationIsVisible = 0;
			defaultConfigurationName = Release;
		};
		5F9FAAAA15DD87E20039718F /* Build configuration list for PBXNativeTarget "microphone" */ = {
			isa = XCConfigurationList;
			buildConfigurations = (
				5F9FAAAB15DD87E20039718F /* Debug */,
				5F9FAAAC15DD87E20039718F /* Release */,
			);
			defaultConfigurationIsVisible = 0;
			defaultConfigurationName = Release;
		};
/* End XCConfigurationList section */
	};
	rootObject = 5F9FAA9415DD87E10039718F /* Project object */;
}
